// !$*UTF8*$!
{
	archiveVersion = 1;
	classes = {
	};
	objectVersion = 46;
	objects = {

/* Begin PBXBuildFile section */
		1A24B9651DCB2218002EAA32 /* POITableViewCell.m in Sources */ = {isa = PBXBuildFile; fileRef = 1A24B9641DCB2218002EAA32 /* POITableViewCell.m */; };
		1A4440B11DC1DF9B0001282E /* main.m in Sources */ = {isa = PBXBuildFile; fileRef = 1A4440B01DC1DF9B0001282E /* main.m */; };
		1A4440B41DC1DF9B0001282E /* AppDelegate.m in Sources */ = {isa = PBXBuildFile; fileRef = 1A4440B31DC1DF9B0001282E /* AppDelegate.m */; };
		1A4440B71DC1DF9B0001282E /* ViewController.m in Sources */ = {isa = PBXBuildFile; fileRef = 1A4440B61DC1DF9B0001282E /* ViewController.m */; };
		1A4440BA1DC1DF9B0001282E /* Main.storyboard in Resources */ = {isa = PBXBuildFile; fileRef = 1A4440B81DC1DF9B0001282E /* Main.storyboard */; };
		1A4440BC1DC1DF9B0001282E /* Assets.xcassets in Resources */ = {isa = PBXBuildFile; fileRef = 1A4440BB1DC1DF9B0001282E /* Assets.xcassets */; };
		1A4440BF1DC1DF9B0001282E /* LaunchScreen.storyboard in Resources */ = {isa = PBXBuildFile; fileRef = 1A4440BD1DC1DF9B0001282E /* LaunchScreen.storyboard */; };
		1A4440CA1DC1DF9B0001282E /* TaipeiPOITests.m in Sources */ = {isa = PBXBuildFile; fileRef = 1A4440C91DC1DF9B0001282E /* TaipeiPOITests.m */; };
		1A4440D51DC1DF9B0001282E /* TaipeiPOIUITests.m in Sources */ = {isa = PBXBuildFile; fileRef = 1A4440D41DC1DF9B0001282E /* TaipeiPOIUITests.m */; };
		1A71B18F1DC1EBC6001898A4 /* POIModel.m in Sources */ = {isa = PBXBuildFile; fileRef = 1A71B18E1DC1EBC6001898A4 /* POIModel.m */; };
		21BF89468806A21A5439A7BD /* Pods_TaipeiPOIUITests.framework in Frameworks */ = {isa = PBXBuildFile; fileRef = 88113E5BB5DDFF0E7BF61AD5 /* Pods_TaipeiPOIUITests.framework */; };
		3AE892F452DF2809CB52A6F8 /* Pods_TaipeiPOI.framework in Frameworks */ = {isa = PBXBuildFile; fileRef = 3A74C13196A2AEAD3BDF275D /* Pods_TaipeiPOI.framework */; };
		D263879018FBED736BC72167 /* Pods_TaipeiPOITests.framework in Frameworks */ = {isa = PBXBuildFile; fileRef = 9E3134F7A041C804C4A623E5 /* Pods_TaipeiPOITests.framework */; };
/* End PBXBuildFile section */

/* Begin PBXContainerItemProxy section */
		1A4440C61DC1DF9B0001282E /* PBXContainerItemProxy */ = {
			isa = PBXContainerItemProxy;
			containerPortal = 1A4440A41DC1DF9A0001282E /* Project object */;
			proxyType = 1;
			remoteGlobalIDString = 1A4440AB1DC1DF9A0001282E;
			remoteInfo = TaipeiPOI;
		};
		1A4440D11DC1DF9B0001282E /* PBXContainerItemProxy */ = {
			isa = PBXContainerItemProxy;
			containerPortal = 1A4440A41DC1DF9A0001282E /* Project object */;
			proxyType = 1;
			remoteGlobalIDString = 1A4440AB1DC1DF9A0001282E;
			remoteInfo = TaipeiPOI;
		};
/* End PBXContainerItemProxy section */

/* Begin PBXFileReference section */
		0B9E767E030333C59C24852A /* Pods-TaipeiPOITests.debug.xcconfig */ = {isa = PBXFileReference; includeInIndex = 1; lastKnownFileType = text.xcconfig; name = "Pods-TaipeiPOITests.debug.xcconfig"; path = "Pods/Target Support Files/Pods-TaipeiPOITests/Pods-TaipeiPOITests.debug.xcconfig"; sourceTree = "<group>"; };
		1A24B9631DCB2218002EAA32 /* POITableViewCell.h */ = {isa = PBXFileReference; fileEncoding = 4; lastKnownFileType = sourcecode.c.h; path = POITableViewCell.h; sourceTree = "<group>"; };
		1A24B9641DCB2218002EAA32 /* POITableViewCell.m */ = {isa = PBXFileReference; fileEncoding = 4; lastKnownFileType = sourcecode.c.objc; path = POITableViewCell.m; sourceTree = "<group>"; };
		1A4440AC1DC1DF9B0001282E /* TaipeiPOI.app */ = {isa = PBXFileReference; explicitFileType = wrapper.application; includeInIndex = 0; path = TaipeiPOI.app; sourceTree = BUILT_PRODUCTS_DIR; };
		1A4440B01DC1DF9B0001282E /* main.m */ = {isa = PBXFileReference; lastKnownFileType = sourcecode.c.objc; path = main.m; sourceTree = "<group>"; };
		1A4440B21DC1DF9B0001282E /* AppDelegate.h */ = {isa = PBXFileReference; lastKnownFileType = sourcecode.c.h; path = AppDelegate.h; sourceTree = "<group>"; };
		1A4440B31DC1DF9B0001282E /* AppDelegate.m */ = {isa = PBXFileReference; lastKnownFileType = sourcecode.c.objc; path = AppDelegate.m; sourceTree = "<group>"; };
		1A4440B51DC1DF9B0001282E /* ViewController.h */ = {isa = PBXFileReference; lastKnownFileType = sourcecode.c.h; path = ViewController.h; sourceTree = "<group>"; };
		1A4440B61DC1DF9B0001282E /* ViewController.m */ = {isa = PBXFileReference; lastKnownFileType = sourcecode.c.objc; path = ViewController.m; sourceTree = "<group>"; };
		1A4440B91DC1DF9B0001282E /* Base */ = {isa = PBXFileReference; lastKnownFileType = file.storyboard; name = Base; path = Base.lproj/Main.storyboard; sourceTree = "<group>"; };
		1A4440BB1DC1DF9B0001282E /* Assets.xcassets */ = {isa = PBXFileReference; lastKnownFileType = folder.assetcatalog; path = Assets.xcassets; sourceTree = "<group>"; };
		1A4440BE1DC1DF9B0001282E /* Base */ = {isa = PBXFileReference; lastKnownFileType = file.storyboard; name = Base; path = Base.lproj/LaunchScreen.storyboard; sourceTree = "<group>"; };
		1A4440C01DC1DF9B0001282E /* Info.plist */ = {isa = PBXFileReference; lastKnownFileType = text.plist.xml; path = Info.plist; sourceTree = "<group>"; };
		1A4440C51DC1DF9B0001282E /* TaipeiPOITests.xctest */ = {isa = PBXFileReference; explicitFileType = wrapper.cfbundle; includeInIndex = 0; path = TaipeiPOITests.xctest; sourceTree = BUILT_PRODUCTS_DIR; };
		1A4440C91DC1DF9B0001282E /* TaipeiPOITests.m */ = {isa = PBXFileReference; lastKnownFileType = sourcecode.c.objc; path = TaipeiPOITests.m; sourceTree = "<group>"; };
		1A4440CB1DC1DF9B0001282E /* Info.plist */ = {isa = PBXFileReference; lastKnownFileType = text.plist.xml; path = Info.plist; sourceTree = "<group>"; };
		1A4440D01DC1DF9B0001282E /* TaipeiPOIUITests.xctest */ = {isa = PBXFileReference; explicitFileType = wrapper.cfbundle; includeInIndex = 0; path = TaipeiPOIUITests.xctest; sourceTree = BUILT_PRODUCTS_DIR; };
		1A4440D41DC1DF9B0001282E /* TaipeiPOIUITests.m */ = {isa = PBXFileReference; lastKnownFileType = sourcecode.c.objc; path = TaipeiPOIUITests.m; sourceTree = "<group>"; };
		1A4440D61DC1DF9B0001282E /* Info.plist */ = {isa = PBXFileReference; lastKnownFileType = text.plist.xml; path = Info.plist; sourceTree = "<group>"; };
		1A71B18D1DC1EBC6001898A4 /* POIModel.h */ = {isa = PBXFileReference; fileEncoding = 4; lastKnownFileType = sourcecode.c.h; path = POIModel.h; sourceTree = "<group>"; };
		1A71B18E1DC1EBC6001898A4 /* POIModel.m */ = {isa = PBXFileReference; fileEncoding = 4; lastKnownFileType = sourcecode.c.objc; path = POIModel.m; sourceTree = "<group>"; };
		2F08DAA53383681231511FF0 /* Pods-TaipeiPOIUITests.debug.xcconfig */ = {isa = PBXFileReference; includeInIndex = 1; lastKnownFileType = text.xcconfig; name = "Pods-TaipeiPOIUITests.debug.xcconfig"; path = "Pods/Target Support Files/Pods-TaipeiPOIUITests/Pods-TaipeiPOIUITests.debug.xcconfig"; sourceTree = "<group>"; };
		3A74C13196A2AEAD3BDF275D /* Pods_TaipeiPOI.framework */ = {isa = PBXFileReference; explicitFileType = wrapper.framework; includeInIndex = 0; path = Pods_TaipeiPOI.framework; sourceTree = BUILT_PRODUCTS_DIR; };
		68B6A0847AC1DE5724FB1C21 /* Pods-TaipeiPOI.debug.xcconfig */ = {isa = PBXFileReference; includeInIndex = 1; lastKnownFileType = text.xcconfig; name = "Pods-TaipeiPOI.debug.xcconfig"; path = "Pods/Target Support Files/Pods-TaipeiPOI/Pods-TaipeiPOI.debug.xcconfig"; sourceTree = "<group>"; };
		87EB4781ECA2EFCAF936CBA3 /* Pods-TaipeiPOITests.release.xcconfig */ = {isa = PBXFileReference; includeInIndex = 1; lastKnownFileType = text.xcconfig; name = "Pods-TaipeiPOITests.release.xcconfig"; path = "Pods/Target Support Files/Pods-TaipeiPOITests/Pods-TaipeiPOITests.release.xcconfig"; sourceTree = "<group>"; };
		88113E5BB5DDFF0E7BF61AD5 /* Pods_TaipeiPOIUITests.framework */ = {isa = PBXFileReference; explicitFileType = wrapper.framework; includeInIndex = 0; path = Pods_TaipeiPOIUITests.framework; sourceTree = BUILT_PRODUCTS_DIR; };
		9E3134F7A041C804C4A623E5 /* Pods_TaipeiPOITests.framework */ = {isa = PBXFileReference; explicitFileType = wrapper.framework; includeInIndex = 0; path = Pods_TaipeiPOITests.framework; sourceTree = BUILT_PRODUCTS_DIR; };
		C38C4F21FE9B94E78A72AA77 /* Pods-TaipeiPOI.release.xcconfig */ = {isa = PBXFileReference; includeInIndex = 1; lastKnownFileType = text.xcconfig; name = "Pods-TaipeiPOI.release.xcconfig"; path = "Pods/Target Support Files/Pods-TaipeiPOI/Pods-TaipeiPOI.release.xcconfig"; sourceTree = "<group>"; };
		E438C1D674FECD3662D7BC16 /* Pods-TaipeiPOIUITests.release.xcconfig */ = {isa = PBXFileReference; includeInIndex = 1; lastKnownFileType = text.xcconfig; name = "Pods-TaipeiPOIUITests.release.xcconfig"; path = "Pods/Target Support Files/Pods-TaipeiPOIUITests/Pods-TaipeiPOIUITests.release.xcconfig"; sourceTree = "<group>"; };
/* End PBXFileReference section */

/* Begin PBXFrameworksBuildPhase section */
		1A4440A91DC1DF9A0001282E /* Frameworks */ = {
			isa = PBXFrameworksBuildPhase;
			buildActionMask = 2147483647;
			files = (
				3AE892F452DF2809CB52A6F8 /* Pods_TaipeiPOI.framework in Frameworks */,
			);
			runOnlyForDeploymentPostprocessing = 0;
		};
		1A4440C21DC1DF9B0001282E /* Frameworks */ = {
			isa = PBXFrameworksBuildPhase;
			buildActionMask = 2147483647;
			files = (
				D263879018FBED736BC72167 /* Pods_TaipeiPOITests.framework in Frameworks */,
			);
			runOnlyForDeploymentPostprocessing = 0;
		};
		1A4440CD1DC1DF9B0001282E /* Frameworks */ = {
			isa = PBXFrameworksBuildPhase;
			buildActionMask = 2147483647;
			files = (
				21BF89468806A21A5439A7BD /* Pods_TaipeiPOIUITests.framework in Frameworks */,
			);
			runOnlyForDeploymentPostprocessing = 0;
		};
/* End PBXFrameworksBuildPhase section */

/* Begin PBXGroup section */
		1A24B9661DCB3F01002EAA32 /* model */ = {
			isa = PBXGroup;
			children = (
				1A4440B21DC1DF9B0001282E /* AppDelegate.h */,
				1A4440B31DC1DF9B0001282E /* AppDelegate.m */,
				1A71B18D1DC1EBC6001898A4 /* POIModel.h */,
				1A71B18E1DC1EBC6001898A4 /* POIModel.m */,
			);
			name = model;
			sourceTree = "<group>";
		};
		1A24B9671DCB3F0B002EAA32 /* controller */ = {
			isa = PBXGroup;
			children = (
				1A4440B51DC1DF9B0001282E /* ViewController.h */,
				1A4440B61DC1DF9B0001282E /* ViewController.m */,
			);
			name = controller;
			sourceTree = "<group>";
		};
		1A24B9681DCB3F11002EAA32 /* view */ = {
			isa = PBXGroup;
			children = (
				1A24B9631DCB2218002EAA32 /* POITableViewCell.h */,
				1A24B9641DCB2218002EAA32 /* POITableViewCell.m */,
			);
			name = view;
			sourceTree = "<group>";
		};
		1A24B9691DCB3F2A002EAA32 /* IB */ = {
			isa = PBXGroup;
			children = (
				1A4440BD1DC1DF9B0001282E /* LaunchScreen.storyboard */,
				1A4440B81DC1DF9B0001282E /* Main.storyboard */,
			);
			name = IB;
			sourceTree = "<group>";
		};
		1A4440A31DC1DF9A0001282E = {
			isa = PBXGroup;
			children = (
				1A4440AE1DC1DF9B0001282E /* TaipeiPOI */,
				1A4440C81DC1DF9B0001282E /* TaipeiPOITests */,
				1A4440D31DC1DF9B0001282E /* TaipeiPOIUITests */,
				1A4440AD1DC1DF9B0001282E /* Products */,
				65FBBE7F566C3265711428D1 /* Pods */,
				C2B793D33869BAD82BAB92A0 /* Frameworks */,
			);
			sourceTree = "<group>";
		};
		1A4440AD1DC1DF9B0001282E /* Products */ = {
			isa = PBXGroup;
			children = (
				1A4440AC1DC1DF9B0001282E /* TaipeiPOI.app */,
				1A4440C51DC1DF9B0001282E /* TaipeiPOITests.xctest */,
				1A4440D01DC1DF9B0001282E /* TaipeiPOIUITests.xctest */,
			);
			name = Products;
			sourceTree = "<group>";
		};
		1A4440AE1DC1DF9B0001282E /* TaipeiPOI */ = {
			isa = PBXGroup;
			children = (
				1A24B9691DCB3F2A002EAA32 /* IB */,
				1A24B9661DCB3F01002EAA32 /* model */,
				1A24B9671DCB3F0B002EAA32 /* controller */,
				1A24B9681DCB3F11002EAA32 /* view */,
				1A4440AF1DC1DF9B0001282E /* Supporting Files */,
			);
			path = TaipeiPOI;
			sourceTree = "<group>";
		};
		1A4440AF1DC1DF9B0001282E /* Supporting Files */ = {
			isa = PBXGroup;
			children = (
				1A4440BB1DC1DF9B0001282E /* Assets.xcassets */,
				1A4440C01DC1DF9B0001282E /* Info.plist */,
				1A4440B01DC1DF9B0001282E /* main.m */,
			);
			name = "Supporting Files";
			sourceTree = "<group>";
		};
		1A4440C81DC1DF9B0001282E /* TaipeiPOITests */ = {
			isa = PBXGroup;
			children = (
				1A4440C91DC1DF9B0001282E /* TaipeiPOITests.m */,
				1A4440CB1DC1DF9B0001282E /* Info.plist */,
			);
			path = TaipeiPOITests;
			sourceTree = "<group>";
		};
		1A4440D31DC1DF9B0001282E /* TaipeiPOIUITests */ = {
			isa = PBXGroup;
			children = (
				1A4440D41DC1DF9B0001282E /* TaipeiPOIUITests.m */,
				1A4440D61DC1DF9B0001282E /* Info.plist */,
			);
			path = TaipeiPOIUITests;
			sourceTree = "<group>";
		};
		65FBBE7F566C3265711428D1 /* Pods */ = {
			isa = PBXGroup;
			children = (
				68B6A0847AC1DE5724FB1C21 /* Pods-TaipeiPOI.debug.xcconfig */,
				C38C4F21FE9B94E78A72AA77 /* Pods-TaipeiPOI.release.xcconfig */,
				0B9E767E030333C59C24852A /* Pods-TaipeiPOITests.debug.xcconfig */,
				87EB4781ECA2EFCAF936CBA3 /* Pods-TaipeiPOITests.release.xcconfig */,
				2F08DAA53383681231511FF0 /* Pods-TaipeiPOIUITests.debug.xcconfig */,
				E438C1D674FECD3662D7BC16 /* Pods-TaipeiPOIUITests.release.xcconfig */,
			);
			name = Pods;
			sourceTree = "<group>";
		};
		C2B793D33869BAD82BAB92A0 /* Frameworks */ = {
			isa = PBXGroup;
			children = (
				3A74C13196A2AEAD3BDF275D /* Pods_TaipeiPOI.framework */,
				9E3134F7A041C804C4A623E5 /* Pods_TaipeiPOITests.framework */,
				88113E5BB5DDFF0E7BF61AD5 /* Pods_TaipeiPOIUITests.framework */,
			);
			name = Frameworks;
			sourceTree = "<group>";
		};
/* End PBXGroup section */

/* Begin PBXNativeTarget section */
		1A4440AB1DC1DF9A0001282E /* TaipeiPOI */ = {
			isa = PBXNativeTarget;
			buildConfigurationList = 1A4440D91DC1DF9B0001282E /* Build configuration list for PBXNativeTarget "TaipeiPOI" */;
			buildPhases = (
				2EDE0F69DCFFF0DECAC102A3 /* [CP] Check Pods Manifest.lock */,
				1A4440A81DC1DF9A0001282E /* Sources */,
				1A4440A91DC1DF9A0001282E /* Frameworks */,
				1A4440AA1DC1DF9A0001282E /* Resources */,
				11DD7F57FDC2D92A14E16945 /* [CP] Embed Pods Frameworks */,
				23DD25966A108BF0BA80CC13 /* [CP] Copy Pods Resources */,
			);
			buildRules = (
			);
			dependencies = (
			);
			name = TaipeiPOI;
			productName = TaipeiPOI;
			productReference = 1A4440AC1DC1DF9B0001282E /* TaipeiPOI.app */;
			productType = "com.apple.product-type.application";
		};
		1A4440C41DC1DF9B0001282E /* TaipeiPOITests */ = {
			isa = PBXNativeTarget;
			buildConfigurationList = 1A4440DC1DC1DF9B0001282E /* Build configuration list for PBXNativeTarget "TaipeiPOITests" */;
			buildPhases = (
				1A794EF5D2971EA61ADAF0ED /* [CP] Check Pods Manifest.lock */,
				1A4440C11DC1DF9B0001282E /* Sources */,
				1A4440C21DC1DF9B0001282E /* Frameworks */,
				1A4440C31DC1DF9B0001282E /* Resources */,
				3A3CA769922B5339BFE148F0 /* [CP] Embed Pods Frameworks */,
				A6E11A73EF852733C191E133 /* [CP] Copy Pods Resources */,
			);
			buildRules = (
			);
			dependencies = (
				1A4440C71DC1DF9B0001282E /* PBXTargetDependency */,
			);
			name = TaipeiPOITests;
			productName = TaipeiPOITests;
			productReference = 1A4440C51DC1DF9B0001282E /* TaipeiPOITests.xctest */;
			productType = "com.apple.product-type.bundle.unit-test";
		};
		1A4440CF1DC1DF9B0001282E /* TaipeiPOIUITests */ = {
			isa = PBXNativeTarget;
			buildConfigurationList = 1A4440DF1DC1DF9B0001282E /* Build configuration list for PBXNativeTarget "TaipeiPOIUITests" */;
			buildPhases = (
				BDA138525D740E1B9F1ECC7A /* [CP] Check Pods Manifest.lock */,
				1A4440CC1DC1DF9B0001282E /* Sources */,
				1A4440CD1DC1DF9B0001282E /* Frameworks */,
				1A4440CE1DC1DF9B0001282E /* Resources */,
				0EE20C0DADA4251469EAE5AB /* [CP] Embed Pods Frameworks */,
				772656E99C4F5A880FAEABE8 /* [CP] Copy Pods Resources */,
			);
			buildRules = (
			);
			dependencies = (
				1A4440D21DC1DF9B0001282E /* PBXTargetDependency */,
			);
			name = TaipeiPOIUITests;
			productName = TaipeiPOIUITests;
			productReference = 1A4440D01DC1DF9B0001282E /* TaipeiPOIUITests.xctest */;
			productType = "com.apple.product-type.bundle.ui-testing";
		};
/* End PBXNativeTarget section */

/* Begin PBXProject section */
		1A4440A41DC1DF9A0001282E /* Project object */ = {
			isa = PBXProject;
			attributes = {
				LastUpgradeCheck = 0800;
				ORGANIZATIONNAME = "Jeng-Wei Chen";
				TargetAttributes = {
					1A4440AB1DC1DF9A0001282E = {
						CreatedOnToolsVersion = 8.0;
						ProvisioningStyle = Automatic;
					};
					1A4440C41DC1DF9B0001282E = {
						CreatedOnToolsVersion = 8.0;
						DevelopmentTeam = X9R82UGDZA;
						ProvisioningStyle = Automatic;
						TestTargetID = 1A4440AB1DC1DF9A0001282E;
					};
					1A4440CF1DC1DF9B0001282E = {
						CreatedOnToolsVersion = 8.0;
						DevelopmentTeam = X9R82UGDZA;
						ProvisioningStyle = Automatic;
						TestTargetID = 1A4440AB1DC1DF9A0001282E;
					};
				};
			};
			buildConfigurationList = 1A4440A71DC1DF9A0001282E /* Build configuration list for PBXProject "TaipeiPOI" */;
			compatibilityVersion = "Xcode 3.2";
			developmentRegion = English;
			hasScannedForEncodings = 0;
			knownRegions = (
				en,
				Base,
			);
			mainGroup = 1A4440A31DC1DF9A0001282E;
			productRefGroup = 1A4440AD1DC1DF9B0001282E /* Products */;
			projectDirPath = "";
			projectRoot = "";
			targets = (
				1A4440AB1DC1DF9A0001282E /* TaipeiPOI */,
				1A4440C41DC1DF9B0001282E /* TaipeiPOITests */,
				1A4440CF1DC1DF9B0001282E /* TaipeiPOIUITests */,
			);
		};
/* End PBXProject section */

/* Begin PBXResourcesBuildPhase section */
		1A4440AA1DC1DF9A0001282E /* Resources */ = {
			isa = PBXResourcesBuildPhase;
			buildActionMask = 2147483647;
			files = (
				1A4440BF1DC1DF9B0001282E /* LaunchScreen.storyboard in Resources */,
				1A4440BC1DC1DF9B0001282E /* Assets.xcassets in Resources */,
				1A4440BA1DC1DF9B0001282E /* Main.storyboard in Resources */,
			);
			runOnlyForDeploymentPostprocessing = 0;
		};
		1A4440C31DC1DF9B0001282E /* Resources */ = {
			isa = PBXResourcesBuildPhase;
			buildActionMask = 2147483647;
			files = (
			);
			runOnlyForDeploymentPostprocessing = 0;
		};
		1A4440CE1DC1DF9B0001282E /* Resources */ = {
			isa = PBXResourcesBuildPhase;
			buildActionMask = 2147483647;
			files = (
			);
			runOnlyForDeploymentPostprocessing = 0;
		};
/* End PBXResourcesBuildPhase section */

/* Begin PBXShellScriptBuildPhase section */
		0EE20C0DADA4251469EAE5AB /* [CP] Embed Pods Frameworks */ = {
			isa = PBXShellScriptBuildPhase;
			buildActionMask = 2147483647;
			files = (
			);
			inputPaths = (
			);
			name = "[CP] Embed Pods Frameworks";
			outputPaths = (
			);
			runOnlyForDeploymentPostprocessing = 0;
			shellPath = /bin/sh;
			shellScript = "\"${SRCROOT}/Pods/Target Support Files/Pods-TaipeiPOIUITests/Pods-TaipeiPOIUITests-frameworks.sh\"\n";
			showEnvVarsInLog = 0;
		};
		11DD7F57FDC2D92A14E16945 /* [CP] Embed Pods Frameworks */ = {
			isa = PBXShellScriptBuildPhase;
			buildActionMask = 2147483647;
			files = (
			);
			inputPaths = (
			);
			name = "[CP] Embed Pods Frameworks";
			outputPaths = (
			);
			runOnlyForDeploymentPostprocessing = 0;
			shellPath = /bin/sh;
			shellScript = "\"${SRCROOT}/Pods/Target Support Files/Pods-TaipeiPOI/Pods-TaipeiPOI-frameworks.sh\"\n";
			showEnvVarsInLog = 0;
		};
		1A794EF5D2971EA61ADAF0ED /* [CP] Check Pods Manifest.lock */ = {
			isa = PBXShellScriptBuildPhase;
			buildActionMask = 2147483647;
			files = (
			);
			inputPaths = (
			);
			name = "[CP] Check Pods Manifest.lock";
			outputPaths = (
			);
			runOnlyForDeploymentPostprocessing = 0;
			shellPath = /bin/sh;
			shellScript = "diff \"${PODS_ROOT}/../Podfile.lock\" \"${PODS_ROOT}/Manifest.lock\" > /dev/null\nif [ $? != 0 ] ; then\n    # print error to STDERR\n    echo \"error: The sandbox is not in sync with the Podfile.lock. Run 'pod install' or update your CocoaPods installation.\" >&2\n    exit 1\nfi\n";
			showEnvVarsInLog = 0;
		};
		23DD25966A108BF0BA80CC13 /* [CP] Copy Pods Resources */ = {
			isa = PBXShellScriptBuildPhase;
			buildActionMask = 2147483647;
			files = (
			);
			inputPaths = (
			);
			name = "[CP] Copy Pods Resources";
			outputPaths = (
			);
			runOnlyForDeploymentPostprocessing = 0;
			shellPath = /bin/sh;
			shellScript = "\"${SRCROOT}/Pods/Target Support Files/Pods-TaipeiPOI/Pods-TaipeiPOI-resources.sh\"\n";
			showEnvVarsInLog = 0;
		};
		2EDE0F69DCFFF0DECAC102A3 /* [CP] Check Pods Manifest.lock */ = {
			isa = PBXShellScriptBuildPhase;
			buildActionMask = 2147483647;
			files = (
			);
			inputPaths = (
			);
			name = "[CP] Check Pods Manifest.lock";
			outputPaths = (
			);
			runOnlyForDeploymentPostprocessing = 0;
			shellPath = /bin/sh;
			shellScript = "diff \"${PODS_ROOT}/../Podfile.lock\" \"${PODS_ROOT}/Manifest.lock\" > /dev/null\nif [ $? != 0 ] ; then\n    # print error to STDERR\n    echo \"error: The sandbox is not in sync with the Podfile.lock. Run 'pod install' or update your CocoaPods installation.\" >&2\n    exit 1\nfi\n";
			showEnvVarsInLog = 0;
		};
		3A3CA769922B5339BFE148F0 /* [CP] Embed Pods Frameworks */ = {
			isa = PBXShellScriptBuildPhase;
			buildActionMask = 2147483647;
			files = (
			);
			inputPaths = (
			);
			name = "[CP] Embed Pods Frameworks";
			outputPaths = (
			);
			runOnlyForDeploymentPostprocessing = 0;
			shellPath = /bin/sh;
			shellScript = "\"${SRCROOT}/Pods/Target Support Files/Pods-TaipeiPOITests/Pods-TaipeiPOITests-frameworks.sh\"\n";
			showEnvVarsInLog = 0;
		};
		772656E99C4F5A880FAEABE8 /* [CP] Copy Pods Resources */ = {
			isa = PBXShellScriptBuildPhase;
			buildActionMask = 2147483647;
			files = (
			);
			inputPaths = (
			);
			name = "[CP] Copy Pods Resources";
			outputPaths = (
			);
			runOnlyForDeploymentPostprocessing = 0;
			shellPath = /bin/sh;
			shellScript = "\"${SRCROOT}/Pods/Target Support Files/Pods-TaipeiPOIUITests/Pods-TaipeiPOIUITests-resources.sh\"\n";
			showEnvVarsInLog = 0;
		};
		A6E11A73EF852733C191E133 /* [CP] Copy Pods Resources */ = {
			isa = PBXShellScriptBuildPhase;
			buildActionMask = 2147483647;
			files = (
			);
			inputPaths = (
			);
			name = "[CP] Copy Pods Resources";
			outputPaths = (
			);
			runOnlyForDeploymentPostprocessing = 0;
			shellPath = /bin/sh;
			shellScript = "\"${SRCROOT}/Pods/Target Support Files/Pods-TaipeiPOITests/Pods-TaipeiPOITests-resources.sh\"\n";
			showEnvVarsInLog = 0;
		};
		BDA138525D740E1B9F1ECC7A /* [CP] Check Pods Manifest.lock */ = {
			isa = PBXShellScriptBuildPhase;
			buildActionMask = 2147483647;
			files = (
			);
			inputPaths = (
			);
			name = "[CP] Check Pods Manifest.lock";
			outputPaths = (
			);
			runOnlyForDeploymentPostprocessing = 0;
			shellPath = /bin/sh;
			shellScript = "diff \"${PODS_ROOT}/../Podfile.lock\" \"${PODS_ROOT}/Manifest.lock\" > /dev/null\nif [ $? != 0 ] ; then\n    # print error to STDERR\n    echo \"error: The sandbox is not in sync with the Podfile.lock. Run 'pod install' or update your CocoaPods installation.\" >&2\n    exit 1\nfi\n";
			showEnvVarsInLog = 0;
		};
/* End PBXShellScriptBuildPhase section */

/* Begin PBXSourcesBuildPhase section */
		1A4440A81DC1DF9A0001282E /* Sources */ = {
			isa = PBXSourcesBuildPhase;
			buildActionMask = 2147483647;
			files = (
				1A24B9651DCB2218002EAA32 /* POITableViewCell.m in Sources */,
				1A4440B71DC1DF9B0001282E /* ViewController.m in Sources */,
				1A4440B41DC1DF9B0001282E /* AppDelegate.m in Sources */,
				1A71B18F1DC1EBC6001898A4 /* POIModel.m in Sources */,
				1A4440B11DC1DF9B0001282E /* main.m in Sources */,
			);
			runOnlyForDeploymentPostprocessing = 0;
		};
		1A4440C11DC1DF9B0001282E /* Sources */ = {
			isa = PBXSourcesBuildPhase;
			buildActionMask = 2147483647;
			files = (
				1A4440CA1DC1DF9B0001282E /* TaipeiPOITests.m in Sources */,
			);
			runOnlyForDeploymentPostprocessing = 0;
		};
		1A4440CC1DC1DF9B0001282E /* Sources */ = {
			isa = PBXSourcesBuildPhase;
			buildActionMask = 2147483647;
			files = (
				1A4440D51DC1DF9B0001282E /* TaipeiPOIUITests.m in Sources */,
			);
			runOnlyForDeploymentPostprocessing = 0;
		};
/* End PBXSourcesBuildPhase section */

/* Begin PBXTargetDependency section */
		1A4440C71DC1DF9B0001282E /* PBXTargetDependency */ = {
			isa = PBXTargetDependency;
			target = 1A4440AB1DC1DF9A0001282E /* TaipeiPOI */;
			targetProxy = 1A4440C61DC1DF9B0001282E /* PBXContainerItemProxy */;
		};
		1A4440D21DC1DF9B0001282E /* PBXTargetDependency */ = {
			isa = PBXTargetDependency;
			target = 1A4440AB1DC1DF9A0001282E /* TaipeiPOI */;
			targetProxy = 1A4440D11DC1DF9B0001282E /* PBXContainerItemProxy */;
		};
/* End PBXTargetDependency section */

/* Begin PBXVariantGroup section */
		1A4440B81DC1DF9B0001282E /* Main.storyboard */ = {
			isa = PBXVariantGroup;
			children = (
				1A4440B91DC1DF9B0001282E /* Base */,
			);
			name = Main.storyboard;
			sourceTree = "<group>";
		};
		1A4440BD1DC1DF9B0001282E /* LaunchScreen.storyboard */ = {
			isa = PBXVariantGroup;
			children = (
				1A4440BE1DC1DF9B0001282E /* Base */,
			);
			name = LaunchScreen.storyboard;
			sourceTree = "<group>";
		};
/* End PBXVariantGroup section */

/* Begin XCBuildConfiguration section */
		1A4440D71DC1DF9B0001282E /* Debug */ = {
			isa = XCBuildConfiguration;
			buildSettings = {
				ALWAYS_SEARCH_USER_PATHS = NO;
				CLANG_ANALYZER_NONNULL = YES;
				CLANG_CXX_LANGUAGE_STANDARD = "gnu++0x";
				CLANG_CXX_LIBRARY = "libc++";
				CLANG_ENABLE_MODULES = YES;
				CLANG_ENABLE_OBJC_ARC = YES;
				CLANG_WARN_BOOL_CONVERSION = YES;
				CLANG_WARN_CONSTANT_CONVERSION = YES;
				CLANG_WARN_DIRECT_OBJC_ISA_USAGE = YES_ERROR;
				CLANG_WARN_DOCUMENTATION_COMMENTS = YES;
				CLANG_WARN_EMPTY_BODY = YES;
				CLANG_WARN_ENUM_CONVERSION = YES;
				CLANG_WARN_INFINITE_RECURSION = YES;
				CLANG_WARN_INT_CONVERSION = YES;
				CLANG_WARN_OBJC_ROOT_CLASS = YES_ERROR;
				CLANG_WARN_SUSPICIOUS_MOVE = YES;
				CLANG_WARN_SUSPICIOUS_MOVES = YES;
				CLANG_WARN_UNREACHABLE_CODE = YES;
				CLANG_WARN__DUPLICATE_METHOD_MATCH = YES;
				"CODE_SIGN_IDENTITY[sdk=iphoneos*]" = "iPhone Developer";
				COPY_PHASE_STRIP = NO;
				DEBUG_INFORMATION_FORMAT = dwarf;
				ENABLE_STRICT_OBJC_MSGSEND = YES;
				ENABLE_TESTABILITY = YES;
				GCC_C_LANGUAGE_STANDARD = gnu99;
				GCC_DYNAMIC_NO_PIC = NO;
				GCC_NO_COMMON_BLOCKS = YES;
				GCC_OPTIMIZATION_LEVEL = 0;
				GCC_PREPROCESSOR_DEFINITIONS = (
					"DEBUG=1",
					"$(inherited)",
				);
				GCC_WARN_64_TO_32_BIT_CONVERSION = YES;
				GCC_WARN_ABOUT_RETURN_TYPE = YES_ERROR;
				GCC_WARN_UNDECLARED_SELECTOR = YES;
				GCC_WARN_UNINITIALIZED_AUTOS = YES_AGGRESSIVE;
				GCC_WARN_UNUSED_FUNCTION = YES;
				GCC_WARN_UNUSED_VARIABLE = YES;
				IPHONEOS_DEPLOYMENT_TARGET = 10.0;
				MTL_ENABLE_DEBUG_INFO = YES;
				ONLY_ACTIVE_ARCH = YES;
				SDKROOT = iphoneos;
				TARGETED_DEVICE_FAMILY = "1,2";
			};
			name = Debug;
		};
		1A4440D81DC1DF9B0001282E /* Release */ = {
			isa = XCBuildConfiguration;
			buildSettings = {
				ALWAYS_SEARCH_USER_PATHS = NO;
				CLANG_ANALYZER_NONNULL = YES;
				CLANG_CXX_LANGUAGE_STANDARD = "gnu++0x";
				CLANG_CXX_LIBRARY = "libc++";
				CLANG_ENABLE_MODULES = YES;
				CLANG_ENABLE_OBJC_ARC = YES;
				CLANG_WARN_BOOL_CONVERSION = YES;
				CLANG_WARN_CONSTANT_CONVERSION = YES;
				CLANG_WARN_DIRECT_OBJC_ISA_USAGE = YES_ERROR;
				CLANG_WARN_DOCUMENTATION_COMMENTS = YES;
				CLANG_WARN_EMPTY_BODY = YES;
				CLANG_WARN_ENUM_CONVERSION = YES;
				CLANG_WARN_INFINITE_RECURSION = YES;
				CLANG_WARN_INT_CONVERSION = YES;
				CLANG_WARN_OBJC_ROOT_CLASS = YES_ERROR;
				CLANG_WARN_SUSPICIOUS_MOVE = YES;
				CLANG_WARN_SUSPICIOUS_MOVES = YES;
				CLANG_WARN_UNREACHABLE_CODE = YES;
				CLANG_WARN__DUPLICATE_METHOD_MATCH = YES;
				"CODE_SIGN_IDENTITY[sdk=iphoneos*]" = "iPhone Developer";
				COPY_PHASE_STRIP = NO;
				DEBUG_INFORMATION_FORMAT = "dwarf-with-dsym";
				ENABLE_NS_ASSERTIONS = NO;
				ENABLE_STRICT_OBJC_MSGSEND = YES;
				GCC_C_LANGUAGE_STANDARD = gnu99;
				GCC_NO_COMMON_BLOCKS = YES;
				GCC_WARN_64_TO_32_BIT_CONVERSION = YES;
				GCC_WARN_ABOUT_RETURN_TYPE = YES_ERROR;
				GCC_WARN_UNDECLARED_SELECTOR = YES;
				GCC_WARN_UNINITIALIZED_AUTOS = YES_AGGRESSIVE;
				GCC_WARN_UNUSED_FUNCTION = YES;
				GCC_WARN_UNUSED_VARIABLE = YES;
				IPHONEOS_DEPLOYMENT_TARGET = 10.0;
				MTL_ENABLE_DEBUG_INFO = NO;
				SDKROOT = iphoneos;
				TARGETED_DEVICE_FAMILY = "1,2";
				VALIDATE_PRODUCT = YES;
			};
			name = Release;
		};
		1A4440DA1DC1DF9B0001282E /* Debug */ = {
			isa = XCBuildConfiguration;
			baseConfigurationReference = 68B6A0847AC1DE5724FB1C21 /* Pods-TaipeiPOI.debug.xcconfig */;
			buildSettings = {
				ASSETCATALOG_COMPILER_APPICON_NAME = AppIcon;
				DEVELOPMENT_TEAM = "";
				INFOPLIST_FILE = TaipeiPOI/Info.plist;
				LD_RUNPATH_SEARCH_PATHS = "$(inherited) @executable_path/Frameworks";
				PRODUCT_BUNDLE_IDENTIFIER = fletcherchen.TaipeiPOI;
				PRODUCT_NAME = "$(TARGET_NAME)";
			};
			name = Debug;
		};
		1A4440DB1DC1DF9B0001282E /* Release */ = {
			isa = XCBuildConfiguration;
			baseConfigurationReference = C38C4F21FE9B94E78A72AA77 /* Pods-TaipeiPOI.release.xcconfig */;
			buildSettings = {
				ASSETCATALOG_COMPILER_APPICON_NAME = AppIcon;
				DEVELOPMENT_TEAM = "";
				INFOPLIST_FILE = TaipeiPOI/Info.plist;
				LD_RUNPATH_SEARCH_PATHS = "$(inherited) @executable_path/Frameworks";
				PRODUCT_BUNDLE_IDENTIFIER = fletcherchen.TaipeiPOI;
				PRODUCT_NAME = "$(TARGET_NAME)";
			};
			name = Release;
		};
		1A4440DD1DC1DF9B0001282E /* Debug */ = {
			isa = XCBuildConfiguration;
			baseConfigurationReference = 0B9E767E030333C59C24852A /* Pods-TaipeiPOITests.debug.xcconfig */;
			buildSettings = {
				BUNDLE_LOADER = "$(TEST_HOST)";
				DEVELOPMENT_TEAM = X9R82UGDZA;
				INFOPLIST_FILE = TaipeiPOITests/Info.plist;
				LD_RUNPATH_SEARCH_PATHS = "$(inherited) @executable_path/Frameworks @loader_path/Frameworks";
				PRODUCT_BUNDLE_IDENTIFIER = fletcherchen.TaipeiPOITests;
				PRODUCT_NAME = "$(TARGET_NAME)";
				TEST_HOST = "$(BUILT_PRODUCTS_DIR)/TaipeiPOI.app/TaipeiPOI";
			};
			name = Debug;
		};
		1A4440DE1DC1DF9B0001282E /* Release */ = {
			isa = XCBuildConfiguration;
			baseConfigurationReference = 87EB4781ECA2EFCAF936CBA3 /* Pods-TaipeiPOITests.release.xcconfig */;
			buildSettings = {
				BUNDLE_LOADER = "$(TEST_HOST)";
				DEVELOPMENT_TEAM = X9R82UGDZA;
				INFOPLIST_FILE = TaipeiPOITests/Info.plist;
				LD_RUNPATH_SEARCH_PATHS = "$(inherited) @executable_path/Frameworks @loader_path/Frameworks";
				PRODUCT_BUNDLE_IDENTIFIER = fletcherchen.TaipeiPOITests;
				PRODUCT_NAME = "$(TARGET_NAME)";
				TEST_HOST = "$(BUILT_PRODUCTS_DIR)/TaipeiPOI.app/TaipeiPOI";
			};
			name = Release;
		};
		1A4440E01DC1DF9B0001282E /* Debug */ = {
			isa = XCBuildConfiguration;
			baseConfigurationReference = 2F08DAA53383681231511FF0 /* Pods-TaipeiPOIUITests.debug.xcconfig */;
			buildSettings = {
				DEVELOPMENT_TEAM = X9R82UGDZA;
				INFOPLIST_FILE = TaipeiPOIUITests/Info.plist;
				LD_RUNPATH_SEARCH_PATHS = "$(inherited) @executable_path/Frameworks @loader_path/Frameworks";
				PRODUCT_BUNDLE_IDENTIFIER = fletcherchen.TaipeiPOIUITests;
				PRODUCT_NAME = "$(TARGET_NAME)";
				TEST_TARGET_NAME = TaipeiPOI;
			};
			name = Debug;
		};
		1A4440E11DC1DF9B0001282E /* Release */ = {
			isa = XCBuildConfiguration;
			baseConfigurationReference = E438C1D674FECD3662D7BC16 /* Pods-TaipeiPOIUITests.release.xcconfig */;
			buildSettings = {
				DEVELOPMENT_TEAM = X9R82UGDZA;
				INFOPLIST_FILE = TaipeiPOIUITests/Info.plist;
				LD_RUNPATH_SEARCH_PATHS = "$(inherited) @executable_path/Frameworks @loader_path/Frameworks";
				PRODUCT_BUNDLE_IDENTIFIER = fletcherchen.TaipeiPOIUITests;
				PRODUCT_NAME = "$(TARGET_NAME)";
				TEST_TARGET_NAME = TaipeiPOI;
			};
			name = Release;
		};
/* End XCBuildConfiguration section */

/* Begin XCConfigurationList section */
		1A4440A71DC1DF9A0001282E /* Build configuration list for PBXProject "TaipeiPOI" */ = {
			isa = XCConfigurationList;
			buildConfigurations = (
				1A4440D71DC1DF9B0001282E /* Debug */,
				1A4440D81DC1DF9B0001282E /* Release */,
			);
			defaultConfigurationIsVisible = 0;
			defaultConfigurationName = Release;
		};
		1A4440D91DC1DF9B0001282E /* Build configuration list for PBXNativeTarget "TaipeiPOI" */ = {
			isa = XCConfigurationList;
			buildConfigurations = (
				1A4440DA1DC1DF9B0001282E /* Debug */,
				1A4440DB1DC1DF9B0001282E /* Release */,
			);
			defaultConfigurationIsVisible = 0;
			defaultConfigurationName = Release;
		};
		1A4440DC1DC1DF9B0001282E /* Build configuration list for PBXNativeTarget "TaipeiPOITests" */ = {
			isa = XCConfigurationList;
			buildConfigurations = (
				1A4440DD1DC1DF9B0001282E /* Debug */,
				1A4440DE1DC1DF9B0001282E /* Release */,
			);
			defaultConfigurationIsVisible = 0;
			defaultConfigurationName = Release;
		};
		1A4440DF1DC1DF9B0001282E /* Build configuration list for PBXNativeTarget "TaipeiPOIUITests" */ = {
			isa = XCConfigurationList;
			buildConfigurations = (
				1A4440E01DC1DF9B0001282E /* Debug */,
				1A4440E11DC1DF9B0001282E /* Release */,
			);
			defaultConfigurationIsVisible = 0;
			defaultConfigurationName = Release;
		};
/* End XCConfigurationList section */
	};
	rootObject = 1A4440A41DC1DF9A0001282E /* Project object */;
}
